// !$*UTF8*$!
{
	archiveVersion = 1;
	classes = {
	};
	objectVersion = 56;
	objects = {

/* Begin PBXBuildFile section */
		97D70F562A3399A10084A86F /* Main.swift in Sources */ = {isa = PBXBuildFile; fileRef = 97D70F552A3399A10084A86F /* Main.swift */; };
		97D70F582A3399A10084A86F /* AppReducer.swift in Sources */ = {isa = PBXBuildFile; fileRef = 97D70F572A3399A10084A86F /* AppReducer.swift */; };
		97D70F5A2A3399A40084A86F /* Assets.xcassets in Resources */ = {isa = PBXBuildFile; fileRef = 97D70F592A3399A40084A86F /* Assets.xcassets */; };
		97D70F5D2A3399A40084A86F /* Preview Assets.xcassets in Resources */ = {isa = PBXBuildFile; fileRef = 97D70F5C2A3399A40084A86F /* Preview Assets.xcassets */; };
		97D70F672A3399A40084A86F /* AppReducerTests.swift in Sources */ = {isa = PBXBuildFile; fileRef = 97D70F662A3399A40084A86F /* AppReducerTests.swift */; };
		97D70F812A339A2A0084A86F /* ComposableArchitecture in Frameworks */ = {isa = PBXBuildFile; productRef = 97D70F802A339A2A0084A86F /* ComposableArchitecture */; };
		97D70F832A339AA90084A86F /* RecipeList.swift in Sources */ = {isa = PBXBuildFile; fileRef = 97D70F822A339AA90084A86F /* RecipeList.swift */; };
		97D70F882A339E3A0084A86F /* DatabaseClient.swift in Sources */ = {isa = PBXBuildFile; fileRef = 97D70F872A339E3A0084A86F /* DatabaseClient.swift */; };
		97D70F8A2A339E490084A86F /* DatabaseClient+live.swift in Sources */ = {isa = PBXBuildFile; fileRef = 97D70F892A339E490084A86F /* DatabaseClient+live.swift */; };
		97D70F8D2A33BC290084A86F /* NewRecipe.swift in Sources */ = {isa = PBXBuildFile; fileRef = 97D70F8C2A33BC290084A86F /* NewRecipe.swift */; };
/* End PBXBuildFile section */

/* Begin PBXContainerItemProxy section */
		97D70F632A3399A40084A86F /* PBXContainerItemProxy */ = {
			isa = PBXContainerItemProxy;
			containerPortal = 97D70F4A2A3399A10084A86F /* Project object */;
			proxyType = 1;
			remoteGlobalIDString = 97D70F512A3399A10084A86F;
			remoteInfo = Recipes;
		};
/* End PBXContainerItemProxy section */

/* Begin PBXFileReference section */
		97D70F522A3399A10084A86F /* Recipes.app */ = {isa = PBXFileReference; explicitFileType = wrapper.application; includeInIndex = 0; path = Recipes.app; sourceTree = BUILT_PRODUCTS_DIR; };
		97D70F552A3399A10084A86F /* Main.swift */ = {isa = PBXFileReference; lastKnownFileType = sourcecode.swift; path = Main.swift; sourceTree = "<group>"; };
		97D70F572A3399A10084A86F /* AppReducer.swift */ = {isa = PBXFileReference; lastKnownFileType = sourcecode.swift; path = AppReducer.swift; sourceTree = "<group>"; };
		97D70F592A3399A40084A86F /* Assets.xcassets */ = {isa = PBXFileReference; lastKnownFileType = folder.assetcatalog; path = Assets.xcassets; sourceTree = "<group>"; };
		97D70F5C2A3399A40084A86F /* Preview Assets.xcassets */ = {isa = PBXFileReference; lastKnownFileType = folder.assetcatalog; path = "Preview Assets.xcassets"; sourceTree = "<group>"; };
		97D70F622A3399A40084A86F /* RecipesTests.xctest */ = {isa = PBXFileReference; explicitFileType = wrapper.cfbundle; includeInIndex = 0; path = RecipesTests.xctest; sourceTree = BUILT_PRODUCTS_DIR; };
		97D70F662A3399A40084A86F /* AppReducerTests.swift */ = {isa = PBXFileReference; lastKnownFileType = sourcecode.swift; path = AppReducerTests.swift; sourceTree = "<group>"; };
		97D70F822A339AA90084A86F /* RecipeList.swift */ = {isa = PBXFileReference; lastKnownFileType = sourcecode.swift; path = RecipeList.swift; sourceTree = "<group>"; };
		97D70F872A339E3A0084A86F /* DatabaseClient.swift */ = {isa = PBXFileReference; lastKnownFileType = sourcecode.swift; path = DatabaseClient.swift; sourceTree = "<group>"; };
		97D70F892A339E490084A86F /* DatabaseClient+live.swift */ = {isa = PBXFileReference; lastKnownFileType = sourcecode.swift; path = "DatabaseClient+live.swift"; sourceTree = "<group>"; };
		97D70F8C2A33BC290084A86F /* NewRecipe.swift */ = {isa = PBXFileReference; lastKnownFileType = sourcecode.swift; path = NewRecipe.swift; sourceTree = "<group>"; };
/* End PBXFileReference section */

/* Begin PBXFrameworksBuildPhase section */
		97D70F4F2A3399A10084A86F /* Frameworks */ = {
			isa = PBXFrameworksBuildPhase;
			buildActionMask = 2147483647;
			files = (
				97D70F812A339A2A0084A86F /* ComposableArchitecture in Frameworks */,
			);
			runOnlyForDeploymentPostprocessing = 0;
		};
		97D70F5F2A3399A40084A86F /* Frameworks */ = {
			isa = PBXFrameworksBuildPhase;
			buildActionMask = 2147483647;
			files = (
			);
			runOnlyForDeploymentPostprocessing = 0;
		};
/* End PBXFrameworksBuildPhase section */

/* Begin PBXGroup section */
		97D70F492A3399A10084A86F = {
			isa = PBXGroup;
			children = (
				97D70F542A3399A10084A86F /* Recipes */,
				97D70F652A3399A40084A86F /* RecipesTests */,
				97D70F532A3399A10084A86F /* Products */,
			);
			sourceTree = "<group>";
		};
		97D70F532A3399A10084A86F /* Products */ = {
			isa = PBXGroup;
			children = (
				97D70F522A3399A10084A86F /* Recipes.app */,
				97D70F622A3399A40084A86F /* RecipesTests.xctest */,
			);
			name = Products;
			sourceTree = "<group>";
		};
		97D70F542A3399A10084A86F /* Recipes */ = {
			isa = PBXGroup;
			children = (
				97D70F852A339CFA0084A86F /* Dependencies */,
				97D70F842A339CF50084A86F /* Features */,
				97D70F8B2A33A53A0084A86F /* Resources */,
			);
			path = Recipes;
			sourceTree = "<group>";
		};
		97D70F5B2A3399A40084A86F /* Preview Content */ = {
			isa = PBXGroup;
			children = (
				97D70F5C2A3399A40084A86F /* Preview Assets.xcassets */,
			);
			path = "Preview Content";
			sourceTree = "<group>";
		};
		97D70F652A3399A40084A86F /* RecipesTests */ = {
			isa = PBXGroup;
			children = (
				97D70F662A3399A40084A86F /* AppReducerTests.swift */,
			);
			path = RecipesTests;
			sourceTree = "<group>";
		};
		97D70F842A339CF50084A86F /* Features */ = {
			isa = PBXGroup;
			children = (
				97D70F572A3399A10084A86F /* AppReducer.swift */,
				97D70F8C2A33BC290084A86F /* NewRecipe.swift */,
				97D70F822A339AA90084A86F /* RecipeList.swift */,
			);
			path = Features;
			sourceTree = "<group>";
		};
		97D70F852A339CFA0084A86F /* Dependencies */ = {
			isa = PBXGroup;
			children = (
				97D70F862A339E310084A86F /* DatabaseClient */,
			);
			path = Dependencies;
			sourceTree = "<group>";
		};
		97D70F862A339E310084A86F /* DatabaseClient */ = {
			isa = PBXGroup;
			children = (
				97D70F872A339E3A0084A86F /* DatabaseClient.swift */,
				97D70F892A339E490084A86F /* DatabaseClient+live.swift */,
			);
			path = DatabaseClient;
			sourceTree = "<group>";
		};
		97D70F8B2A33A53A0084A86F /* Resources */ = {
			isa = PBXGroup;
			children = (
				97D70F552A3399A10084A86F /* Main.swift */,
				97D70F592A3399A40084A86F /* Assets.xcassets */,
				97D70F5B2A3399A40084A86F /* Preview Content */,
			);
			path = Resources;
			sourceTree = "<group>";
		};
/* End PBXGroup section */

/* Begin PBXNativeTarget section */
		97D70F512A3399A10084A86F /* Recipes */ = {
			isa = PBXNativeTarget;
			buildConfigurationList = 97D70F762A3399A40084A86F /* Build configuration list for PBXNativeTarget "Recipes" */;
			buildPhases = (
				97D70F4E2A3399A10084A86F /* Sources */,
				97D70F4F2A3399A10084A86F /* Frameworks */,
				97D70F502A3399A10084A86F /* Resources */,
			);
			buildRules = (
			);
			dependencies = (
			);
			name = Recipes;
			packageProductDependencies = (
				97D70F802A339A2A0084A86F /* ComposableArchitecture */,
			);
			productName = Recipes;
			productReference = 97D70F522A3399A10084A86F /* Recipes.app */;
			productType = "com.apple.product-type.application";
		};
		97D70F612A3399A40084A86F /* RecipesTests */ = {
			isa = PBXNativeTarget;
			buildConfigurationList = 97D70F792A3399A40084A86F /* Build configuration list for PBXNativeTarget "RecipesTests" */;
			buildPhases = (
				97D70F5E2A3399A40084A86F /* Sources */,
				97D70F5F2A3399A40084A86F /* Frameworks */,
				97D70F602A3399A40084A86F /* Resources */,
			);
			buildRules = (
			);
			dependencies = (
				97D70F642A3399A40084A86F /* PBXTargetDependency */,
			);
			name = RecipesTests;
			productName = RecipesTests;
			productReference = 97D70F622A3399A40084A86F /* RecipesTests.xctest */;
			productType = "com.apple.product-type.bundle.unit-test";
		};
/* End PBXNativeTarget section */

/* Begin PBXProject section */
		97D70F4A2A3399A10084A86F /* Project object */ = {
			isa = PBXProject;
			attributes = {
				BuildIndependentTargetsInParallel = 1;
				LastSwiftUpdateCheck = 1430;
				LastUpgradeCheck = 1430;
				TargetAttributes = {
					97D70F512A3399A10084A86F = {
						CreatedOnToolsVersion = 14.3;
					};
					97D70F612A3399A40084A86F = {
						CreatedOnToolsVersion = 14.3;
						TestTargetID = 97D70F512A3399A10084A86F;
					};
				};
			};
			buildConfigurationList = 97D70F4D2A3399A10084A86F /* Build configuration list for PBXProject "Recipes" */;
			compatibilityVersion = "Xcode 14.0";
			developmentRegion = en;
			hasScannedForEncodings = 0;
			knownRegions = (
				en,
				Base,
			);
			mainGroup = 97D70F492A3399A10084A86F;
			packageReferences = (
				97D70F7F2A339A2A0084A86F /* XCRemoteSwiftPackageReference "swift-composable-architecture" */,
			);
			productRefGroup = 97D70F532A3399A10084A86F /* Products */;
			projectDirPath = "";
			projectRoot = "";
			targets = (
				97D70F512A3399A10084A86F /* Recipes */,
				97D70F612A3399A40084A86F /* RecipesTests */,
			);
		};
/* End PBXProject section */

/* Begin PBXResourcesBuildPhase section */
		97D70F502A3399A10084A86F /* Resources */ = {
			isa = PBXResourcesBuildPhase;
			buildActionMask = 2147483647;
			files = (
				97D70F5D2A3399A40084A86F /* Preview Assets.xcassets in Resources */,
				97D70F5A2A3399A40084A86F /* Assets.xcassets in Resources */,
			);
			runOnlyForDeploymentPostprocessing = 0;
		};
		97D70F602A3399A40084A86F /* Resources */ = {
			isa = PBXResourcesBuildPhase;
			buildActionMask = 2147483647;
			files = (
			);
			runOnlyForDeploymentPostprocessing = 0;
		};
/* End PBXResourcesBuildPhase section */

/* Begin PBXSourcesBuildPhase section */
		97D70F4E2A3399A10084A86F /* Sources */ = {
			isa = PBXSourcesBuildPhase;
			buildActionMask = 2147483647;
			files = (
				97D70F8D2A33BC290084A86F /* NewRecipe.swift in Sources */,
				97D70F582A3399A10084A86F /* AppReducer.swift in Sources */,
				97D70F832A339AA90084A86F /* RecipeList.swift in Sources */,
				97D70F8A2A339E490084A86F /* DatabaseClient+live.swift in Sources */,
				97D70F562A3399A10084A86F /* Main.swift in Sources */,
				97D70F882A339E3A0084A86F /* DatabaseClient.swift in Sources */,
			);
			runOnlyForDeploymentPostprocessing = 0;
		};
		97D70F5E2A3399A40084A86F /* Sources */ = {
			isa = PBXSourcesBuildPhase;
			buildActionMask = 2147483647;
			files = (
				97D70F672A3399A40084A86F /* AppReducerTests.swift in Sources */,
			);
			runOnlyForDeploymentPostprocessing = 0;
		};
/* End PBXSourcesBuildPhase section */

/* Begin PBXTargetDependency section */
		97D70F642A3399A40084A86F /* PBXTargetDependency */ = {
			isa = PBXTargetDependency;
			target = 97D70F512A3399A10084A86F /* Recipes */;
			targetProxy = 97D70F632A3399A40084A86F /* PBXContainerItemProxy */;
		};
/* End PBXTargetDependency section */

/* Begin XCBuildConfiguration section */
		97D70F742A3399A40084A86F /* Debug */ = {
			isa = XCBuildConfiguration;
			buildSettings = {
				ALWAYS_SEARCH_USER_PATHS = NO;
				CLANG_ANALYZER_NONNULL = YES;
				CLANG_ANALYZER_NUMBER_OBJECT_CONVERSION = YES_AGGRESSIVE;
				CLANG_CXX_LANGUAGE_STANDARD = "gnu++20";
				CLANG_ENABLE_MODULES = YES;
				CLANG_ENABLE_OBJC_ARC = YES;
				CLANG_ENABLE_OBJC_WEAK = YES;
				CLANG_WARN_BLOCK_CAPTURE_AUTORELEASING = YES;
				CLANG_WARN_BOOL_CONVERSION = YES;
				CLANG_WARN_COMMA = YES;
				CLANG_WARN_CONSTANT_CONVERSION = YES;
				CLANG_WARN_DEPRECATED_OBJC_IMPLEMENTATIONS = YES;
				CLANG_WARN_DIRECT_OBJC_ISA_USAGE = YES_ERROR;
				CLANG_WARN_DOCUMENTATION_COMMENTS = YES;
				CLANG_WARN_EMPTY_BODY = YES;
				CLANG_WARN_ENUM_CONVERSION = YES;
				CLANG_WARN_INFINITE_RECURSION = YES;
				CLANG_WARN_INT_CONVERSION = YES;
				CLANG_WARN_NON_LITERAL_NULL_CONVERSION = YES;
				CLANG_WARN_OBJC_IMPLICIT_RETAIN_SELF = YES;
				CLANG_WARN_OBJC_LITERAL_CONVERSION = YES;
				CLANG_WARN_OBJC_ROOT_CLASS = YES_ERROR;
				CLANG_WARN_QUOTED_INCLUDE_IN_FRAMEWORK_HEADER = YES;
				CLANG_WARN_RANGE_LOOP_ANALYSIS = YES;
				CLANG_WARN_STRICT_PROTOTYPES = YES;
				CLANG_WARN_SUSPICIOUS_MOVE = YES;
				CLANG_WARN_UNGUARDED_AVAILABILITY = YES_AGGRESSIVE;
				CLANG_WARN_UNREACHABLE_CODE = YES;
				CLANG_WARN__DUPLICATE_METHOD_MATCH = YES;
				COPY_PHASE_STRIP = NO;
				DEBUG_INFORMATION_FORMAT = dwarf;
				ENABLE_STRICT_OBJC_MSGSEND = YES;
				ENABLE_TESTABILITY = YES;
				GCC_C_LANGUAGE_STANDARD = gnu11;
				GCC_DYNAMIC_NO_PIC = NO;
				GCC_NO_COMMON_BLOCKS = YES;
				GCC_OPTIMIZATION_LEVEL = 0;
				GCC_PREPROCESSOR_DEFINITIONS = (
					"DEBUG=1",
					"$(inherited)",
				);
				GCC_WARN_64_TO_32_BIT_CONVERSION = YES;
				GCC_WARN_ABOUT_RETURN_TYPE = YES_ERROR;
				GCC_WARN_UNDECLARED_SELECTOR = YES;
				GCC_WARN_UNINITIALIZED_AUTOS = YES_AGGRESSIVE;
				GCC_WARN_UNUSED_FUNCTION = YES;
				GCC_WARN_UNUSED_VARIABLE = YES;
				IPHONEOS_DEPLOYMENT_TARGET = 16.4;
				MTL_ENABLE_DEBUG_INFO = INCLUDE_SOURCE;
				MTL_FAST_MATH = YES;
				ONLY_ACTIVE_ARCH = YES;
				SDKROOT = iphoneos;
				SWIFT_ACTIVE_COMPILATION_CONDITIONS = DEBUG;
				SWIFT_OPTIMIZATION_LEVEL = "-Onone";
			};
			name = Debug;
		};
		97D70F752A3399A40084A86F /* Release */ = {
			isa = XCBuildConfiguration;
			buildSettings = {
				ALWAYS_SEARCH_USER_PATHS = NO;
				CLANG_ANALYZER_NONNULL = YES;
				CLANG_ANALYZER_NUMBER_OBJECT_CONVERSION = YES_AGGRESSIVE;
				CLANG_CXX_LANGUAGE_STANDARD = "gnu++20";
				CLANG_ENABLE_MODULES = YES;
				CLANG_ENABLE_OBJC_ARC = YES;
				CLANG_ENABLE_OBJC_WEAK = YES;
				CLANG_WARN_BLOCK_CAPTURE_AUTORELEASING = YES;
				CLANG_WARN_BOOL_CONVERSION = YES;
				CLANG_WARN_COMMA = YES;
				CLANG_WARN_CONSTANT_CONVERSION = YES;
				CLANG_WARN_DEPRECATED_OBJC_IMPLEMENTATIONS = YES;
				CLANG_WARN_DIRECT_OBJC_ISA_USAGE = YES_ERROR;
				CLANG_WARN_DOCUMENTATION_COMMENTS = YES;
				CLANG_WARN_EMPTY_BODY = YES;
				CLANG_WARN_ENUM_CONVERSION = YES;
				CLANG_WARN_INFINITE_RECURSION = YES;
				CLANG_WARN_INT_CONVERSION = YES;
				CLANG_WARN_NON_LITERAL_NULL_CONVERSION = YES;
				CLANG_WARN_OBJC_IMPLICIT_RETAIN_SELF = YES;
				CLANG_WARN_OBJC_LITERAL_CONVERSION = YES;
				CLANG_WARN_OBJC_ROOT_CLASS = YES_ERROR;
				CLANG_WARN_QUOTED_INCLUDE_IN_FRAMEWORK_HEADER = YES;
				CLANG_WARN_RANGE_LOOP_ANALYSIS = YES;
				CLANG_WARN_STRICT_PROTOTYPES = YES;
				CLANG_WARN_SUSPICIOUS_MOVE = YES;
				CLANG_WARN_UNGUARDED_AVAILABILITY = YES_AGGRESSIVE;
				CLANG_WARN_UNREACHABLE_CODE = YES;
				CLANG_WARN__DUPLICATE_METHOD_MATCH = YES;
				COPY_PHASE_STRIP = NO;
				DEBUG_INFORMATION_FORMAT = "dwarf-with-dsym";
				ENABLE_NS_ASSERTIONS = NO;
				ENABLE_STRICT_OBJC_MSGSEND = YES;
				GCC_C_LANGUAGE_STANDARD = gnu11;
				GCC_NO_COMMON_BLOCKS = YES;
				GCC_WARN_64_TO_32_BIT_CONVERSION = YES;
				GCC_WARN_ABOUT_RETURN_TYPE = YES_ERROR;
				GCC_WARN_UNDECLARED_SELECTOR = YES;
				GCC_WARN_UNINITIALIZED_AUTOS = YES_AGGRESSIVE;
				GCC_WARN_UNUSED_FUNCTION = YES;
				GCC_WARN_UNUSED_VARIABLE = YES;
				IPHONEOS_DEPLOYMENT_TARGET = 16.4;
				MTL_ENABLE_DEBUG_INFO = NO;
				MTL_FAST_MATH = YES;
				SDKROOT = iphoneos;
				SWIFT_COMPILATION_MODE = wholemodule;
				SWIFT_OPTIMIZATION_LEVEL = "-O";
				VALIDATE_PRODUCT = YES;
			};
			name = Release;
		};
		97D70F772A3399A40084A86F /* Debug */ = {
			isa = XCBuildConfiguration;
			buildSettings = {
				ASSETCATALOG_COMPILER_APPICON_NAME = AppIcon;
				ASSETCATALOG_COMPILER_GLOBAL_ACCENT_COLOR_NAME = AccentColor;
				CODE_SIGN_STYLE = Automatic;
				CURRENT_PROJECT_VERSION = 1;
				DEVELOPMENT_ASSET_PATHS = "\"Recipes/Resources/Preview Content\"";
				DEVELOPMENT_TEAM = ME637H7ZM9;
				ENABLE_PREVIEWS = YES;
				GENERATE_INFOPLIST_FILE = YES;
				INFOPLIST_KEY_UIApplicationSceneManifest_Generation = YES;
				INFOPLIST_KEY_UIApplicationSupportsIndirectInputEvents = YES;
				INFOPLIST_KEY_UILaunchScreen_Generation = YES;
				INFOPLIST_KEY_UISupportedInterfaceOrientations_iPad = "UIInterfaceOrientationPortrait UIInterfaceOrientationPortraitUpsideDown UIInterfaceOrientationLandscapeLeft UIInterfaceOrientationLandscapeRight";
				INFOPLIST_KEY_UISupportedInterfaceOrientations_iPhone = "UIInterfaceOrientationPortrait UIInterfaceOrientationLandscapeLeft UIInterfaceOrientationLandscapeRight";
				LD_RUNPATH_SEARCH_PATHS = (
					"$(inherited)",
					"@executable_path/Frameworks",
				);
				MARKETING_VERSION = 1.0;
				PRODUCT_BUNDLE_IDENTIFIER = com.dedaInc.Recipes;
				PRODUCT_NAME = "$(TARGET_NAME)";
				SWIFT_EMIT_LOC_STRINGS = YES;
				SWIFT_VERSION = 5.0;
				TARGETED_DEVICE_FAMILY = "1,2";
			};
			name = Debug;
		};
		97D70F782A3399A40084A86F /* Release */ = {
			isa = XCBuildConfiguration;
			buildSettings = {
				ASSETCATALOG_COMPILER_APPICON_NAME = AppIcon;
				ASSETCATALOG_COMPILER_GLOBAL_ACCENT_COLOR_NAME = AccentColor;
				CODE_SIGN_STYLE = Automatic;
				CURRENT_PROJECT_VERSION = 1;
				DEVELOPMENT_ASSET_PATHS = "\"Recipes/Resources/Preview Content\"";
				DEVELOPMENT_TEAM = ME637H7ZM9;
				ENABLE_PREVIEWS = YES;
				GENERATE_INFOPLIST_FILE = YES;
				INFOPLIST_KEY_UIApplicationSceneManifest_Generation = YES;
				INFOPLIST_KEY_UIApplicationSupportsIndirectInputEvents = YES;
				INFOPLIST_KEY_UILaunchScreen_Generation = YES;
				INFOPLIST_KEY_UISupportedInterfaceOrientations_iPad = "UIInterfaceOrientationPortrait UIInterfaceOrientationPortraitUpsideDown UIInterfaceOrientationLandscapeLeft UIInterfaceOrientationLandscapeRight";
				INFOPLIST_KEY_UISupportedInterfaceOrientations_iPhone = "UIInterfaceOrientationPortrait UIInterfaceOrientationLandscapeLeft UIInterfaceOrientationLandscapeRight";
				LD_RUNPATH_SEARCH_PATHS = (
					"$(inherited)",
					"@executable_path/Frameworks",
				);
				MARKETING_VERSION = 1.0;
				PRODUCT_BUNDLE_IDENTIFIER = com.dedaInc.Recipes;
				PRODUCT_NAME = "$(TARGET_NAME)";
				SWIFT_EMIT_LOC_STRINGS = YES;
				SWIFT_VERSION = 5.0;
				TARGETED_DEVICE_FAMILY = "1,2";
			};
			name = Release;
		};
		97D70F7A2A3399A40084A86F /* Debug */ = {
			isa = XCBuildConfiguration;
			buildSettings = {
				ALWAYS_EMBED_SWIFT_STANDARD_LIBRARIES = YES;
				BUNDLE_LOADER = "$(TEST_HOST)";
				CODE_SIGN_STYLE = Automatic;
				CURRENT_PROJECT_VERSION = 1;
				DEVELOPMENT_TEAM = ME637H7ZM9;
				GENERATE_INFOPLIST_FILE = YES;
				IPHONEOS_DEPLOYMENT_TARGET = 16.4;
				MARKETING_VERSION = 1.0;
				PRODUCT_BUNDLE_IDENTIFIER = com.dedaInc.RecipesTests;
				PRODUCT_NAME = "$(TARGET_NAME)";
				SWIFT_EMIT_LOC_STRINGS = NO;
				SWIFT_VERSION = 5.0;
				TARGETED_DEVICE_FAMILY = "1,2";
				TEST_HOST = "$(BUILT_PRODUCTS_DIR)/Recipes.app/$(BUNDLE_EXECUTABLE_FOLDER_PATH)/Recipes";
			};
			name = Debug;
		};
		97D70F7B2A3399A40084A86F /* Release */ = {
			isa = XCBuildConfiguration;
			buildSettings = {
				ALWAYS_EMBED_SWIFT_STANDARD_LIBRARIES = YES;
				BUNDLE_LOADER = "$(TEST_HOST)";
				CODE_SIGN_STYLE = Automatic;
				CURRENT_PROJECT_VERSION = 1;
				DEVELOPMENT_TEAM = ME637H7ZM9;
				GENERATE_INFOPLIST_FILE = YES;
				IPHONEOS_DEPLOYMENT_TARGET = 16.4;
				MARKETING_VERSION = 1.0;
				PRODUCT_BUNDLE_IDENTIFIER = com.dedaInc.RecipesTests;
				PRODUCT_NAME = "$(TARGET_NAME)";
				SWIFT_EMIT_LOC_STRINGS = NO;
				SWIFT_VERSION = 5.0;
				TARGETED_DEVICE_FAMILY = "1,2";
				TEST_HOST = "$(BUILT_PRODUCTS_DIR)/Recipes.app/$(BUNDLE_EXECUTABLE_FOLDER_PATH)/Recipes";
			};
			name = Release;
		};
/* End XCBuildConfiguration section */

/* Begin XCConfigurationList section */
		97D70F4D2A3399A10084A86F /* Build configuration list for PBXProject "Recipes" */ = {
			isa = XCConfigurationList;
			buildConfigurations = (
				97D70F742A3399A40084A86F /* Debug */,
				97D70F752A3399A40084A86F /* Release */,
			);
			defaultConfigurationIsVisible = 0;
			defaultConfigurationName = Release;
		};
		97D70F762A3399A40084A86F /* Build configuration list for PBXNativeTarget "Recipes" */ = {
			isa = XCConfigurationList;
			buildConfigurations = (
				97D70F772A3399A40084A86F /* Debug */,
				97D70F782A3399A40084A86F /* Release */,
			);
			defaultConfigurationIsVisible = 0;
			defaultConfigurationName = Release;
		};
		97D70F792A3399A40084A86F /* Build configuration list for PBXNativeTarget "RecipesTests" */ = {
			isa = XCConfigurationList;
			buildConfigurations = (
				97D70F7A2A3399A40084A86F /* Debug */,
				97D70F7B2A3399A40084A86F /* Release */,
			);
			defaultConfigurationIsVisible = 0;
			defaultConfigurationName = Release;
		};
/* End XCConfigurationList section */

/* Begin XCRemoteSwiftPackageReference section */
		97D70F7F2A339A2A0084A86F /* XCRemoteSwiftPackageReference "swift-composable-architecture" */ = {
			isa = XCRemoteSwiftPackageReference;
			repositoryURL = "https://github.com/pointfreeco/swift-composable-architecture";
			requirement = {
				kind = upToNextMajorVersion;
				minimumVersion = 0.54.0;
			};
		};
/* End XCRemoteSwiftPackageReference section */

/* Begin XCSwiftPackageProductDependency section */
		97D70F802A339A2A0084A86F /* ComposableArchitecture */ = {
			isa = XCSwiftPackageProductDependency;
			package = 97D70F7F2A339A2A0084A86F /* XCRemoteSwiftPackageReference "swift-composable-architecture" */;
			productName = ComposableArchitecture;
		};
/* End XCSwiftPackageProductDependency section */
	};
	rootObject = 97D70F4A2A3399A10084A86F /* Project object */;
}
